PODS:
  - IQKeyboardManager (6.0.3)
  - Masonry (1.1.0)
  - ReactiveObjC (3.1.0)
  - SDWebImage (4.3.3):
    - SDWebImage/Core (= 4.3.3)
  - SDWebImage/Core (4.3.3)
  - WLBaseView (0.2.0):
    - ReactiveObjC
    - WLBaseView/Code (= 0.2.0)
  - WLBaseView/Code (0.2.0):
    - ReactiveObjC
  - WLIconFont (0.1.6)
  - WLWidget (0.0.6):
    - SDWebImage
    - WLWidget/Category (= 0.0.6)
    - WLWidget/Macro (= 0.0.6)
  - WLWidget/Category (0.0.6):
    - SDWebImage
  - WLWidget/Macro (0.0.6):
    - SDWebImage

DEPENDENCIES:
  - IQKeyboardManager
  - Masonry
  - WLBaseView
  - WLIconFont
  - WLWidget

SPEC CHECKSUMS:
  IQKeyboardManager: c390e612f4b98c8fd748016470138537dc163ead
  Masonry: 678fab65091a9290e40e2832a55e7ab731aad201
  ReactiveObjC: 2a38ea15335de4119d8b17caf1db1484f61db902
  SDWebImage: de4d90b5bff3571eae7bd16202b1f43135409fa5
  WLBaseView: f470ae54077921395c0fc2b5342d9a3c194762b5
  WLIconFont: 9eae86bae17c9aa455247d11bebd63a39b608edb
  WLWidget: ffa26d1d8c28c8c2b4d808299c6878f6c5a4dbb0

PODFILE CHECKSUM: ee9990a0fb37b325b86226b46a1bcf7fa4f8f3fc

COCOAPODS: 1.4.0
