// !$*UTF8*$!
{
	archiveVersion = 1;
	classes = {
	};
	objectVersion = 48;
	objects = {

/* Begin PBXBuildFile section */
		9C140AAB20ABC45F006E6747 /* WLFormSumTextInputCell.m in Sources */ = {isa = PBXBuildFile; fileRef = 9C140AAA20ABC45F006E6747 /* WLFormSumTextInputCell.m */; };
		9C264758209B08B3004A4551 /* WLFormSectionHeaderView.m in Sources */ = {isa = PBXBuildFile; fileRef = 9C264757209B08B3004A4551 /* WLFormSectionHeaderView.m */; };
		9C26475B209B08D3004A4551 /* WLFormSectionFooterView.m in Sources */ = {isa = PBXBuildFile; fileRef = 9C26475A209B08D3004A4551 /* WLFormSectionFooterView.m */; };
		9C264765209B3E77004A4551 /* WLFormMoreInfoCell.m in Sources */ = {isa = PBXBuildFile; fileRef = 9C264764209B3E77004A4551 /* WLFormMoreInfoCell.m */; };
		9C264777209BFFE3004A4551 /* WLFormBottomTipCell.m in Sources */ = {isa = PBXBuildFile; fileRef = 9C264776209BFFE3004A4551 /* WLFormBottomTipCell.m */; };
		9C26477A209C0021004A4551 /* WLFormRadioCell.m in Sources */ = {isa = PBXBuildFile; fileRef = 9C264779209C0021004A4551 /* WLFormRadioCell.m */; };
		9C26477D209C0039004A4551 /* WLFormCheckboxCell.m in Sources */ = {isa = PBXBuildFile; fileRef = 9C26477C209C0039004A4551 /* WLFormCheckboxCell.m */; };
		9C264780209C0077004A4551 /* WLFormBottomButtonCell.m in Sources */ = {isa = PBXBuildFile; fileRef = 9C26477F209C0077004A4551 /* WLFormBottomButtonCell.m */; };
		9C2647CE209C3EEA004A4551 /* icon_unSelected@2x.png in Resources */ = {isa = PBXBuildFile; fileRef = 9C2647CC209C3EEA004A4551 /* icon_unSelected@2x.png */; };
		9C2647CF209C3EEA004A4551 /* icon_selected@2x.png in Resources */ = {isa = PBXBuildFile; fileRef = 9C2647CD209C3EEA004A4551 /* icon_selected@2x.png */; };
		9C2647D5209C49FE004A4551 /* WLFormStepperCell.m in Sources */ = {isa = PBXBuildFile; fileRef = 9C2647D4209C49FE004A4551 /* WLFormStepperCell.m */; };
		9C2647D8209C4E2E004A4551 /* foldDown@2x.png in Resources */ = {isa = PBXBuildFile; fileRef = 9C2647D6209C4E2E004A4551 /* foldDown@2x.png */; };
		9C2647D9209C4E2E004A4551 /* foldUp@2x.png in Resources */ = {isa = PBXBuildFile; fileRef = 9C2647D7209C4E2E004A4551 /* foldUp@2x.png */; };
		9C2647DF209C66CF004A4551 /* WLFormSelectCell.m in Sources */ = {isa = PBXBuildFile; fileRef = 9C2647DE209C66CF004A4551 /* WLFormSelectCell.m */; };
		9C2647E2209C6B81004A4551 /* icon_arrow@3x.png in Resources */ = {isa = PBXBuildFile; fileRef = 9C2647E0209C6B81004A4551 /* icon_arrow@3x.png */; };
		9C2647E3209C6B81004A4551 /* icon_arrow@2x.png in Resources */ = {isa = PBXBuildFile; fileRef = 9C2647E1209C6B81004A4551 /* icon_arrow@2x.png */; };
		9C50233820BBAB2E0024BF01 /* WLFormRightValueCell.m in Sources */ = {isa = PBXBuildFile; fileRef = 9C50233720BBAB2E0024BF01 /* WLFormRightValueCell.m */; };
		9C50234C20BD5C3D0024BF01 /* WLFormTextViewCell.m in Sources */ = {isa = PBXBuildFile; fileRef = 9C50234B20BD5C3D0024BF01 /* WLFormTextViewCell.m */; };
		9C855F1220AAB58F0074C6CF /* WLFormBottomTipButtonCell.m in Sources */ = {isa = PBXBuildFile; fileRef = 9C855F1120AAB58F0074C6CF /* WLFormBottomTipButtonCell.m */; };
		9CF3816A2084712C00D81AE3 /* AppDelegate.m in Sources */ = {isa = PBXBuildFile; fileRef = 9CF381692084712C00D81AE3 /* AppDelegate.m */; };
		9CF3816D2084712C00D81AE3 /* ViewController.m in Sources */ = {isa = PBXBuildFile; fileRef = 9CF3816C2084712C00D81AE3 /* ViewController.m */; };
		9CF381702084712C00D81AE3 /* Main.storyboard in Resources */ = {isa = PBXBuildFile; fileRef = 9CF3816E2084712C00D81AE3 /* Main.storyboard */; };
		9CF381722084712C00D81AE3 /* Assets.xcassets in Resources */ = {isa = PBXBuildFile; fileRef = 9CF381712084712C00D81AE3 /* Assets.xcassets */; };
		9CF381752084712C00D81AE3 /* LaunchScreen.storyboard in Resources */ = {isa = PBXBuildFile; fileRef = 9CF381732084712C00D81AE3 /* LaunchScreen.storyboard */; };
		9CF381782084712C00D81AE3 /* main.m in Sources */ = {isa = PBXBuildFile; fileRef = 9CF381772084712C00D81AE3 /* main.m */; };
		9CF381842084720300D81AE3 /* WLFormVC.m in Sources */ = {isa = PBXBuildFile; fileRef = 9CF381832084720300D81AE3 /* WLFormVC.m */; };
		9CF38187208472D400D81AE3 /* WLForm.m in Sources */ = {isa = PBXBuildFile; fileRef = 9CF38186208472D400D81AE3 /* WLForm.m */; };
		9CF3818A208472EA00D81AE3 /* WLFormItemViewModel.m in Sources */ = {isa = PBXBuildFile; fileRef = 9CF38189208472EA00D81AE3 /* WLFormItemViewModel.m */; };
		9CF3818D2084730600D81AE3 /* WLFormSectionViewModel.m in Sources */ = {isa = PBXBuildFile; fileRef = 9CF3818C2084730600D81AE3 /* WLFormSectionViewModel.m */; };
		9CF3819420847ABD00D81AE3 /* WLFormSectionViewModel+row.m in Sources */ = {isa = PBXBuildFile; fileRef = 9CF3819320847ABD00D81AE3 /* WLFormSectionViewModel+row.m */; };
		9CF3819720847ACC00D81AE3 /* WLForm+section.m in Sources */ = {isa = PBXBuildFile; fileRef = 9CF3819620847ACC00D81AE3 /* WLForm+section.m */; };
		9CF3819D20849A0800D81AE3 /* UITableViewCell+Extention.m in Sources */ = {isa = PBXBuildFile; fileRef = 9CF3819C20849A0800D81AE3 /* UITableViewCell+Extention.m */; };
		9CF381A32084AA1400D81AE3 /* WLFormTextInputCell.m in Sources */ = {isa = PBXBuildFile; fileRef = 9CF381A22084AA1400D81AE3 /* WLFormTextInputCell.m */; };
		F57C737755D8137DCC1B9C70 /* Pods_WLForm.framework in Frameworks */ = {isa = PBXBuildFile; fileRef = DDA237F082FC05A6DC26A789 /* Pods_WLForm.framework */; };
/* End PBXBuildFile section */

/* Begin PBXFileReference section */
		90E9D259BDEF4CB6806655A9 /* Pods-WLForm.release.xcconfig */ = {isa = PBXFileReference; includeInIndex = 1; lastKnownFileType = text.xcconfig; name = "Pods-WLForm.release.xcconfig"; path = "Pods/Target Support Files/Pods-WLForm/Pods-WLForm.release.xcconfig"; sourceTree = "<group>"; };
		9C140AA920ABC45F006E6747 /* WLFormSumTextInputCell.h */ = {isa = PBXFileReference; lastKnownFileType = sourcecode.c.h; path = WLFormSumTextInputCell.h; sourceTree = "<group>"; };
		9C140AAA20ABC45F006E6747 /* WLFormSumTextInputCell.m */ = {isa = PBXFileReference; lastKnownFileType = sourcecode.c.objc; path = WLFormSumTextInputCell.m; sourceTree = "<group>"; };
		9C264756209B08B3004A4551 /* WLFormSectionHeaderView.h */ = {isa = PBXFileReference; lastKnownFileType = sourcecode.c.h; path = WLFormSectionHeaderView.h; sourceTree = "<group>"; };
		9C264757209B08B3004A4551 /* WLFormSectionHeaderView.m */ = {isa = PBXFileReference; lastKnownFileType = sourcecode.c.objc; path = WLFormSectionHeaderView.m; sourceTree = "<group>"; };
		9C264759209B08D3004A4551 /* WLFormSectionFooterView.h */ = {isa = PBXFileReference; lastKnownFileType = sourcecode.c.h; path = WLFormSectionFooterView.h; sourceTree = "<group>"; };
		9C26475A209B08D3004A4551 /* WLFormSectionFooterView.m */ = {isa = PBXFileReference; lastKnownFileType = sourcecode.c.objc; path = WLFormSectionFooterView.m; sourceTree = "<group>"; };
		9C264763209B3E77004A4551 /* WLFormMoreInfoCell.h */ = {isa = PBXFileReference; lastKnownFileType = sourcecode.c.h; path = WLFormMoreInfoCell.h; sourceTree = "<group>"; };
		9C264764209B3E77004A4551 /* WLFormMoreInfoCell.m */ = {isa = PBXFileReference; lastKnownFileType = sourcecode.c.objc; path = WLFormMoreInfoCell.m; sourceTree = "<group>"; };
		9C264775209BFFE3004A4551 /* WLFormBottomTipCell.h */ = {isa = PBXFileReference; lastKnownFileType = sourcecode.c.h; path = WLFormBottomTipCell.h; sourceTree = "<group>"; };
		9C264776209BFFE3004A4551 /* WLFormBottomTipCell.m */ = {isa = PBXFileReference; lastKnownFileType = sourcecode.c.objc; path = WLFormBottomTipCell.m; sourceTree = "<group>"; };
		9C264778209C0021004A4551 /* WLFormRadioCell.h */ = {isa = PBXFileReference; lastKnownFileType = sourcecode.c.h; path = WLFormRadioCell.h; sourceTree = "<group>"; };
		9C264779209C0021004A4551 /* WLFormRadioCell.m */ = {isa = PBXFileReference; lastKnownFileType = sourcecode.c.objc; path = WLFormRadioCell.m; sourceTree = "<group>"; };
		9C26477B209C0039004A4551 /* WLFormCheckboxCell.h */ = {isa = PBXFileReference; lastKnownFileType = sourcecode.c.h; path = WLFormCheckboxCell.h; sourceTree = "<group>"; };
		9C26477C209C0039004A4551 /* WLFormCheckboxCell.m */ = {isa = PBXFileReference; lastKnownFileType = sourcecode.c.objc; path = WLFormCheckboxCell.m; sourceTree = "<group>"; };
		9C26477E209C0077004A4551 /* WLFormBottomButtonCell.h */ = {isa = PBXFileReference; lastKnownFileType = sourcecode.c.h; path = WLFormBottomButtonCell.h; sourceTree = "<group>"; };
		9C26477F209C0077004A4551 /* WLFormBottomButtonCell.m */ = {isa = PBXFileReference; lastKnownFileType = sourcecode.c.objc; path = WLFormBottomButtonCell.m; sourceTree = "<group>"; };
		9C2647CC209C3EEA004A4551 /* icon_unSelected@2x.png */ = {isa = PBXFileReference; lastKnownFileType = image.png; path = "icon_unSelected@2x.png"; sourceTree = "<group>"; };
		9C2647CD209C3EEA004A4551 /* icon_selected@2x.png */ = {isa = PBXFileReference; lastKnownFileType = image.png; path = "icon_selected@2x.png"; sourceTree = "<group>"; };
		9C2647D3209C49FE004A4551 /* WLFormStepperCell.h */ = {isa = PBXFileReference; lastKnownFileType = sourcecode.c.h; path = WLFormStepperCell.h; sourceTree = "<group>"; };
		9C2647D4209C49FE004A4551 /* WLFormStepperCell.m */ = {isa = PBXFileReference; lastKnownFileType = sourcecode.c.objc; path = WLFormStepperCell.m; sourceTree = "<group>"; };
		9C2647D6209C4E2E004A4551 /* foldDown@2x.png */ = {isa = PBXFileReference; lastKnownFileType = image.png; path = "foldDown@2x.png"; sourceTree = "<group>"; };
		9C2647D7209C4E2E004A4551 /* foldUp@2x.png */ = {isa = PBXFileReference; lastKnownFileType = image.png; path = "foldUp@2x.png"; sourceTree = "<group>"; };
		9C2647DD209C66CF004A4551 /* WLFormSelectCell.h */ = {isa = PBXFileReference; lastKnownFileType = sourcecode.c.h; path = WLFormSelectCell.h; sourceTree = "<group>"; };
		9C2647DE209C66CF004A4551 /* WLFormSelectCell.m */ = {isa = PBXFileReference; lastKnownFileType = sourcecode.c.objc; path = WLFormSelectCell.m; sourceTree = "<group>"; };
		9C2647E0209C6B81004A4551 /* icon_arrow@3x.png */ = {isa = PBXFileReference; lastKnownFileType = image.png; path = "icon_arrow@3x.png"; sourceTree = "<group>"; };
		9C2647E1209C6B81004A4551 /* icon_arrow@2x.png */ = {isa = PBXFileReference; lastKnownFileType = image.png; path = "icon_arrow@2x.png"; sourceTree = "<group>"; };
		9C50233620BBAB2E0024BF01 /* WLFormRightValueCell.h */ = {isa = PBXFileReference; lastKnownFileType = sourcecode.c.h; path = WLFormRightValueCell.h; sourceTree = "<group>"; };
		9C50233720BBAB2E0024BF01 /* WLFormRightValueCell.m */ = {isa = PBXFileReference; lastKnownFileType = sourcecode.c.objc; path = WLFormRightValueCell.m; sourceTree = "<group>"; };
		9C50234A20BD5C3D0024BF01 /* WLFormTextViewCell.h */ = {isa = PBXFileReference; lastKnownFileType = sourcecode.c.h; path = WLFormTextViewCell.h; sourceTree = "<group>"; };
		9C50234B20BD5C3D0024BF01 /* WLFormTextViewCell.m */ = {isa = PBXFileReference; lastKnownFileType = sourcecode.c.objc; path = WLFormTextViewCell.m; sourceTree = "<group>"; };
		9C855F1020AAB58F0074C6CF /* WLFormBottomTipButtonCell.h */ = {isa = PBXFileReference; lastKnownFileType = sourcecode.c.h; path = WLFormBottomTipButtonCell.h; sourceTree = "<group>"; };
		9C855F1120AAB58F0074C6CF /* WLFormBottomTipButtonCell.m */ = {isa = PBXFileReference; lastKnownFileType = sourcecode.c.objc; path = WLFormBottomTipButtonCell.m; sourceTree = "<group>"; };
		9CC4FEE920A2A29600232074 /* FormHeader.h */ = {isa = PBXFileReference; lastKnownFileType = sourcecode.c.h; path = FormHeader.h; sourceTree = "<group>"; };
		9CF381652084712C00D81AE3 /* WLForm.app */ = {isa = PBXFileReference; explicitFileType = wrapper.application; includeInIndex = 0; path = WLForm.app; sourceTree = BUILT_PRODUCTS_DIR; };
		9CF381682084712C00D81AE3 /* AppDelegate.h */ = {isa = PBXFileReference; lastKnownFileType = sourcecode.c.h; path = AppDelegate.h; sourceTree = "<group>"; };
		9CF381692084712C00D81AE3 /* AppDelegate.m */ = {isa = PBXFileReference; lastKnownFileType = sourcecode.c.objc; path = AppDelegate.m; sourceTree = "<group>"; };
		9CF3816B2084712C00D81AE3 /* ViewController.h */ = {isa = PBXFileReference; lastKnownFileType = sourcecode.c.h; path = ViewController.h; sourceTree = "<group>"; };
		9CF3816C2084712C00D81AE3 /* ViewController.m */ = {isa = PBXFileReference; lastKnownFileType = sourcecode.c.objc; path = ViewController.m; sourceTree = "<group>"; };
		9CF3816F2084712C00D81AE3 /* Base */ = {isa = PBXFileReference; lastKnownFileType = file.storyboard; name = Base; path = Base.lproj/Main.storyboard; sourceTree = "<group>"; };
		9CF381712084712C00D81AE3 /* Assets.xcassets */ = {isa = PBXFileReference; lastKnownFileType = folder.assetcatalog; path = Assets.xcassets; sourceTree = "<group>"; };
		9CF381742084712C00D81AE3 /* Base */ = {isa = PBXFileReference; lastKnownFileType = file.storyboard; name = Base; path = Base.lproj/LaunchScreen.storyboard; sourceTree = "<group>"; };
		9CF381762084712C00D81AE3 /* Info.plist */ = {isa = PBXFileReference; lastKnownFileType = text.plist.xml; path = Info.plist; sourceTree = "<group>"; };
		9CF381772084712C00D81AE3 /* main.m */ = {isa = PBXFileReference; lastKnownFileType = sourcecode.c.objc; path = main.m; sourceTree = "<group>"; };
		9CF381822084720300D81AE3 /* WLFormVC.h */ = {isa = PBXFileReference; lastKnownFileType = sourcecode.c.h; path = WLFormVC.h; sourceTree = "<group>"; };
		9CF381832084720300D81AE3 /* WLFormVC.m */ = {isa = PBXFileReference; lastKnownFileType = sourcecode.c.objc; path = WLFormVC.m; sourceTree = "<group>"; };
		9CF38185208472D400D81AE3 /* WLForm.h */ = {isa = PBXFileReference; lastKnownFileType = sourcecode.c.h; path = WLForm.h; sourceTree = "<group>"; };
		9CF38186208472D400D81AE3 /* WLForm.m */ = {isa = PBXFileReference; lastKnownFileType = sourcecode.c.objc; path = WLForm.m; sourceTree = "<group>"; };
		9CF38188208472EA00D81AE3 /* WLFormItemViewModel.h */ = {isa = PBXFileReference; lastKnownFileType = sourcecode.c.h; path = WLFormItemViewModel.h; sourceTree = "<group>"; };
		9CF38189208472EA00D81AE3 /* WLFormItemViewModel.m */ = {isa = PBXFileReference; lastKnownFileType = sourcecode.c.objc; path = WLFormItemViewModel.m; sourceTree = "<group>"; };
		9CF3818B2084730600D81AE3 /* WLFormSectionViewModel.h */ = {isa = PBXFileReference; lastKnownFileType = sourcecode.c.h; path = WLFormSectionViewModel.h; sourceTree = "<group>"; };
		9CF3818C2084730600D81AE3 /* WLFormSectionViewModel.m */ = {isa = PBXFileReference; lastKnownFileType = sourcecode.c.objc; path = WLFormSectionViewModel.m; sourceTree = "<group>"; };
		9CF3819220847ABD00D81AE3 /* WLFormSectionViewModel+row.h */ = {isa = PBXFileReference; lastKnownFileType = sourcecode.c.h; path = "WLFormSectionViewModel+row.h"; sourceTree = "<group>"; };
		9CF3819320847ABD00D81AE3 /* WLFormSectionViewModel+row.m */ = {isa = PBXFileReference; lastKnownFileType = sourcecode.c.objc; path = "WLFormSectionViewModel+row.m"; sourceTree = "<group>"; };
		9CF3819520847ACC00D81AE3 /* WLForm+section.h */ = {isa = PBXFileReference; lastKnownFileType = sourcecode.c.h; path = "WLForm+section.h"; sourceTree = "<group>"; };
		9CF3819620847ACC00D81AE3 /* WLForm+section.m */ = {isa = PBXFileReference; lastKnownFileType = sourcecode.c.objc; path = "WLForm+section.m"; sourceTree = "<group>"; };
		9CF3819B20849A0800D81AE3 /* UITableViewCell+Extention.h */ = {isa = PBXFileReference; lastKnownFileType = sourcecode.c.h; path = "UITableViewCell+Extention.h"; sourceTree = "<group>"; };
		9CF3819C20849A0800D81AE3 /* UITableViewCell+Extention.m */ = {isa = PBXFileReference; lastKnownFileType = sourcecode.c.objc; path = "UITableViewCell+Extention.m"; sourceTree = "<group>"; };
		9CF381A12084AA1400D81AE3 /* WLFormTextInputCell.h */ = {isa = PBXFileReference; lastKnownFileType = sourcecode.c.h; path = WLFormTextInputCell.h; sourceTree = "<group>"; };
		9CF381A22084AA1400D81AE3 /* WLFormTextInputCell.m */ = {isa = PBXFileReference; lastKnownFileType = sourcecode.c.objc; path = WLFormTextInputCell.m; sourceTree = "<group>"; };
		9CF381AA2084D07000D81AE3 /* WLForm.pch */ = {isa = PBXFileReference; lastKnownFileType = sourcecode.c.h; path = WLForm.pch; sourceTree = "<group>"; };
		DDA237F082FC05A6DC26A789 /* Pods_WLForm.framework */ = {isa = PBXFileReference; explicitFileType = wrapper.framework; includeInIndex = 0; path = Pods_WLForm.framework; sourceTree = BUILT_PRODUCTS_DIR; };
		E564B3D2A3ACEA23BB4EF3D0 /* Pods-WLForm.debug.xcconfig */ = {isa = PBXFileReference; includeInIndex = 1; lastKnownFileType = text.xcconfig; name = "Pods-WLForm.debug.xcconfig"; path = "Pods/Target Support Files/Pods-WLForm/Pods-WLForm.debug.xcconfig"; sourceTree = "<group>"; };
/* End PBXFileReference section */

/* Begin PBXFrameworksBuildPhase section */
		9CF381622084712C00D81AE3 /* Frameworks */ = {
			isa = PBXFrameworksBuildPhase;
			buildActionMask = 2147483647;
			files = (
				F57C737755D8137DCC1B9C70 /* Pods_WLForm.framework in Frameworks */,
			);
			runOnlyForDeploymentPostprocessing = 0;
		};
/* End PBXFrameworksBuildPhase section */

/* Begin PBXGroup section */
		2D7DF3B6473A6D8F02B70977 /* Frameworks */ = {
			isa = PBXGroup;
			children = (
				DDA237F082FC05A6DC26A789 /* Pods_WLForm.framework */,
			);
			name = Frameworks;
			sourceTree = "<group>";
		};
		6390C6FC407565E523B268E6 /* Pods */ = {
			isa = PBXGroup;
			children = (
				E564B3D2A3ACEA23BB4EF3D0 /* Pods-WLForm.debug.xcconfig */,
				90E9D259BDEF4CB6806655A9 /* Pods-WLForm.release.xcconfig */,
			);
			name = Pods;
			sourceTree = "<group>";
		};
		9C264754209AFEBF004A4551 /* Tool */ = {
			isa = PBXGroup;
			children = (
			);
			path = Tool;
			sourceTree = "<group>";
		};
		9C2647CB209C3CDE004A4551 /* Resource */ = {
			isa = PBXGroup;
			children = (
				9C2647D6209C4E2E004A4551 /* foldDown@2x.png */,
				9C2647D7209C4E2E004A4551 /* foldUp@2x.png */,
				9C2647CD209C3EEA004A4551 /* icon_selected@2x.png */,
				9C2647CC209C3EEA004A4551 /* icon_unSelected@2x.png */,
				9C2647E1209C6B81004A4551 /* icon_arrow@2x.png */,
				9C2647E0209C6B81004A4551 /* icon_arrow@3x.png */,
			);
			path = Resource;
			sourceTree = "<group>";
		};
		9CEEA5CB209D8B8500673214 /* Cell */ = {
			isa = PBXGroup;
			children = (
				9C2647D3209C49FE004A4551 /* WLFormStepperCell.h */,
				9C2647D4209C49FE004A4551 /* WLFormStepperCell.m */,
				9CF381A12084AA1400D81AE3 /* WLFormTextInputCell.h */,
				9CF381A22084AA1400D81AE3 /* WLFormTextInputCell.m */,
				9C140AA920ABC45F006E6747 /* WLFormSumTextInputCell.h */,
				9C140AAA20ABC45F006E6747 /* WLFormSumTextInputCell.m */,
				9C264763209B3E77004A4551 /* WLFormMoreInfoCell.h */,
				9C264764209B3E77004A4551 /* WLFormMoreInfoCell.m */,
				9C264778209C0021004A4551 /* WLFormRadioCell.h */,
				9C264779209C0021004A4551 /* WLFormRadioCell.m */,
				9C26477B209C0039004A4551 /* WLFormCheckboxCell.h */,
				9C26477C209C0039004A4551 /* WLFormCheckboxCell.m */,
				9C264775209BFFE3004A4551 /* WLFormBottomTipCell.h */,
				9C264776209BFFE3004A4551 /* WLFormBottomTipCell.m */,
				9C855F1020AAB58F0074C6CF /* WLFormBottomTipButtonCell.h */,
				9C855F1120AAB58F0074C6CF /* WLFormBottomTipButtonCell.m */,
				9C2647DD209C66CF004A4551 /* WLFormSelectCell.h */,
				9C2647DE209C66CF004A4551 /* WLFormSelectCell.m */,
				9C26477E209C0077004A4551 /* WLFormBottomButtonCell.h */,
				9C26477F209C0077004A4551 /* WLFormBottomButtonCell.m */,
				9C50233620BBAB2E0024BF01 /* WLFormRightValueCell.h */,
				9C50233720BBAB2E0024BF01 /* WLFormRightValueCell.m */,
				9C50234A20BD5C3D0024BF01 /* WLFormTextViewCell.h */,
				9C50234B20BD5C3D0024BF01 /* WLFormTextViewCell.m */,
			);
			path = Cell;
			sourceTree = "<group>";
		};
		9CF3815C2084712C00D81AE3 = {
			isa = PBXGroup;
			children = (
				9CF381672084712C00D81AE3 /* WLForm */,
				9CF381662084712C00D81AE3 /* Products */,
				6390C6FC407565E523B268E6 /* Pods */,
				2D7DF3B6473A6D8F02B70977 /* Frameworks */,
			);
			sourceTree = "<group>";
		};
		9CF381662084712C00D81AE3 /* Products */ = {
			isa = PBXGroup;
			children = (
				9CF381652084712C00D81AE3 /* WLForm.app */,
			);
			name = Products;
			sourceTree = "<group>";
		};
		9CF381672084712C00D81AE3 /* WLForm */ = {
			isa = PBXGroup;
			children = (
				9C2647CB209C3CDE004A4551 /* Resource */,
				9C264754209AFEBF004A4551 /* Tool */,
				9CF3818E208479BE00D81AE3 /* Category */,
				9CF3817F2084718C00D81AE3 /* Controller */,
				9CF381802084718C00D81AE3 /* Model */,
				9CF3817E2084718C00D81AE3 /* View */,
				9CF381812084718C00D81AE3 /* ViewModel */,
				9CF381682084712C00D81AE3 /* AppDelegate.h */,
				9CF381692084712C00D81AE3 /* AppDelegate.m */,
				9CF3816B2084712C00D81AE3 /* ViewController.h */,
				9CF3816C2084712C00D81AE3 /* ViewController.m */,
				9CF3816E2084712C00D81AE3 /* Main.storyboard */,
				9CF381712084712C00D81AE3 /* Assets.xcassets */,
				9CF381732084712C00D81AE3 /* LaunchScreen.storyboard */,
				9CF381762084712C00D81AE3 /* Info.plist */,
				9CF381772084712C00D81AE3 /* main.m */,
				9CF381AA2084D07000D81AE3 /* WLForm.pch */,
			);
			path = WLForm;
			sourceTree = "<group>";
		};
		9CF3817E2084718C00D81AE3 /* View */ = {
			isa = PBXGroup;
			children = (
				9CEEA5CB209D8B8500673214 /* Cell */,
				9C264756209B08B3004A4551 /* WLFormSectionHeaderView.h */,
				9C264757209B08B3004A4551 /* WLFormSectionHeaderView.m */,
				9C264759209B08D3004A4551 /* WLFormSectionFooterView.h */,
				9C26475A209B08D3004A4551 /* WLFormSectionFooterView.m */,
			);
			path = View;
			sourceTree = "<group>";
		};
		9CF3817F2084718C00D81AE3 /* Controller */ = {
			isa = PBXGroup;
			children = (
				9CF381822084720300D81AE3 /* WLFormVC.h */,
				9CF381832084720300D81AE3 /* WLFormVC.m */,
			);
			path = Controller;
			sourceTree = "<group>";
		};
		9CF381802084718C00D81AE3 /* Model */ = {
			isa = PBXGroup;
			children = (
				9CF38185208472D400D81AE3 /* WLForm.h */,
				9CF38186208472D400D81AE3 /* WLForm.m */,
				9CC4FEE920A2A29600232074 /* FormHeader.h */,
			);
			path = Model;
			sourceTree = "<group>";
		};
		9CF381812084718C00D81AE3 /* ViewModel */ = {
			isa = PBXGroup;
			children = (
				9CF38188208472EA00D81AE3 /* WLFormItemViewModel.h */,
				9CF38189208472EA00D81AE3 /* WLFormItemViewModel.m */,
				9CF3818B2084730600D81AE3 /* WLFormSectionViewModel.h */,
				9CF3818C2084730600D81AE3 /* WLFormSectionViewModel.m */,
			);
			path = ViewModel;
			sourceTree = "<group>";
		};
		9CF3818E208479BE00D81AE3 /* Category */ = {
			isa = PBXGroup;
			children = (
				9CF3819220847ABD00D81AE3 /* WLFormSectionViewModel+row.h */,
				9CF3819320847ABD00D81AE3 /* WLFormSectionViewModel+row.m */,
				9CF3819520847ACC00D81AE3 /* WLForm+section.h */,
				9CF3819620847ACC00D81AE3 /* WLForm+section.m */,
				9CF3819B20849A0800D81AE3 /* UITableViewCell+Extention.h */,
				9CF3819C20849A0800D81AE3 /* UITableViewCell+Extention.m */,
			);
			path = Category;
			sourceTree = "<group>";
		};
/* End PBXGroup section */

/* Begin PBXNativeTarget section */
		9CF381642084712C00D81AE3 /* WLForm */ = {
			isa = PBXNativeTarget;
			buildConfigurationList = 9CF3817B2084712C00D81AE3 /* Build configuration list for PBXNativeTarget "WLForm" */;
			buildPhases = (
				3E6620CA1D3E32A58F116CCB /* [CP] Check Pods Manifest.lock */,
				9CF381612084712C00D81AE3 /* Sources */,
				9CF381622084712C00D81AE3 /* Frameworks */,
				9CF381632084712C00D81AE3 /* Resources */,
				854DBAA12F866A9410F6FB85 /* [CP] Embed Pods Frameworks */,
				A5FFF9AC1A9A05235BA5FC0B /* [CP] Copy Pods Resources */,
			);
			buildRules = (
			);
			dependencies = (
			);
			name = WLForm;
			productName = WLForm;
			productReference = 9CF381652084712C00D81AE3 /* WLForm.app */;
			productType = "com.apple.product-type.application";
		};
/* End PBXNativeTarget section */

/* Begin PBXProject section */
		9CF3815D2084712C00D81AE3 /* Project object */ = {
			isa = PBXProject;
			attributes = {
				LastUpgradeCheck = 0920;
				ORGANIZATIONNAME = quangqiang;
				TargetAttributes = {
					9CF381642084712C00D81AE3 = {
						CreatedOnToolsVersion = 9.2;
						ProvisioningStyle = Automatic;
					};
				};
			};
			buildConfigurationList = 9CF381602084712C00D81AE3 /* Build configuration list for PBXProject "WLForm" */;
			compatibilityVersion = "Xcode 8.0";
			developmentRegion = en;
			hasScannedForEncodings = 0;
			knownRegions = (
				en,
				Base,
			);
			mainGroup = 9CF3815C2084712C00D81AE3;
			productRefGroup = 9CF381662084712C00D81AE3 /* Products */;
			projectDirPath = "";
			projectRoot = "";
			targets = (
				9CF381642084712C00D81AE3 /* WLForm */,
			);
		};
/* End PBXProject section */

/* Begin PBXResourcesBuildPhase section */
		9CF381632084712C00D81AE3 /* Resources */ = {
			isa = PBXResourcesBuildPhase;
			buildActionMask = 2147483647;
			files = (
				9C2647D9209C4E2E004A4551 /* foldUp@2x.png in Resources */,
				9CF381752084712C00D81AE3 /* LaunchScreen.storyboard in Resources */,
				9C2647E2209C6B81004A4551 /* icon_arrow@3x.png in Resources */,
				9C2647CF209C3EEA004A4551 /* icon_selected@2x.png in Resources */,
				9CF381722084712C00D81AE3 /* Assets.xcassets in Resources */,
				9C2647E3209C6B81004A4551 /* icon_arrow@2x.png in Resources */,
				9CF381702084712C00D81AE3 /* Main.storyboard in Resources */,
				9C2647CE209C3EEA004A4551 /* icon_unSelected@2x.png in Resources */,
				9C2647D8209C4E2E004A4551 /* foldDown@2x.png in Resources */,
			);
			runOnlyForDeploymentPostprocessing = 0;
		};
/* End PBXResourcesBuildPhase section */

/* Begin PBXShellScriptBuildPhase section */
		3E6620CA1D3E32A58F116CCB /* [CP] Check Pods Manifest.lock */ = {
			isa = PBXShellScriptBuildPhase;
			buildActionMask = 2147483647;
			files = (
			);
			inputPaths = (
				"${PODS_PODFILE_DIR_PATH}/Podfile.lock",
				"${PODS_ROOT}/Manifest.lock",
			);
			name = "[CP] Check Pods Manifest.lock";
			outputPaths = (
				"$(DERIVED_FILE_DIR)/Pods-WLForm-checkManifestLockResult.txt",
			);
			runOnlyForDeploymentPostprocessing = 0;
			shellPath = /bin/sh;
			shellScript = "diff \"${PODS_PODFILE_DIR_PATH}/Podfile.lock\" \"${PODS_ROOT}/Manifest.lock\" > /dev/null\nif [ $? != 0 ] ; then\n    # print error to STDERR\n    echo \"error: The sandbox is not in sync with the Podfile.lock. Run 'pod install' or update your CocoaPods installation.\" >&2\n    exit 1\nfi\n# This output is used by Xcode 'outputs' to avoid re-running this script phase.\necho \"SUCCESS\" > \"${SCRIPT_OUTPUT_FILE_0}\"\n";
			showEnvVarsInLog = 0;
		};
		854DBAA12F866A9410F6FB85 /* [CP] Embed Pods Frameworks */ = {
			isa = PBXShellScriptBuildPhase;
			buildActionMask = 2147483647;
			files = (
			);
			inputPaths = (
				"${SRCROOT}/Pods/Target Support Files/Pods-WLForm/Pods-WLForm-frameworks.sh",
				"${BUILT_PRODUCTS_DIR}/IQKeyboardManager/IQKeyboardManager.framework",
				"${BUILT_PRODUCTS_DIR}/Masonry/Masonry.framework",
				"${BUILT_PRODUCTS_DIR}/ReactiveObjC/ReactiveObjC.framework",
				"${BUILT_PRODUCTS_DIR}/SDWebImage/SDWebImage.framework",
				"${BUILT_PRODUCTS_DIR}/WLBaseView/WLBaseView.framework",
				"${BUILT_PRODUCTS_DIR}/WLIconFont/WLIconFont.framework",
				"${BUILT_PRODUCTS_DIR}/WLWidget/WLWidget.framework",
			);
			name = "[CP] Embed Pods Frameworks";
			outputPaths = (
				"${TARGET_BUILD_DIR}/${FRAMEWORKS_FOLDER_PATH}/IQKeyboardManager.framework",
				"${TARGET_BUILD_DIR}/${FRAMEWORKS_FOLDER_PATH}/Masonry.framework",
				"${TARGET_BUILD_DIR}/${FRAMEWORKS_FOLDER_PATH}/ReactiveObjC.framework",
				"${TARGET_BUILD_DIR}/${FRAMEWORKS_FOLDER_PATH}/SDWebImage.framework",
				"${TARGET_BUILD_DIR}/${FRAMEWORKS_FOLDER_PATH}/WLBaseView.framework",
				"${TARGET_BUILD_DIR}/${FRAMEWORKS_FOLDER_PATH}/WLIconFont.framework",
				"${TARGET_BUILD_DIR}/${FRAMEWORKS_FOLDER_PATH}/WLWidget.framework",
			);
			runOnlyForDeploymentPostprocessing = 0;
			shellPath = /bin/sh;
			shellScript = "\"${SRCROOT}/Pods/Target Support Files/Pods-WLForm/Pods-WLForm-frameworks.sh\"\n";
			showEnvVarsInLog = 0;
		};
		A5FFF9AC1A9A05235BA5FC0B /* [CP] Copy Pods Resources */ = {
			isa = PBXShellScriptBuildPhase;
			buildActionMask = 2147483647;
			files = (
			);
			inputPaths = (
				"${SRCROOT}/Pods/Target Support Files/Pods-WLForm/Pods-WLForm-resources.sh",
				"${PODS_ROOT}/IQKeyboardManager/IQKeyboardManager/Resources/IQKeyboardManager.bundle",
			);
			name = "[CP] Copy Pods Resources";
			outputPaths = (
				"${TARGET_BUILD_DIR}/${UNLOCALIZED_RESOURCES_FOLDER_PATH}/IQKeyboardManager.bundle",
			);
			runOnlyForDeploymentPostprocessing = 0;
			shellPath = /bin/sh;
			shellScript = "\"${SRCROOT}/Pods/Target Support Files/Pods-WLForm/Pods-WLForm-resources.sh\"\n";
			showEnvVarsInLog = 0;
		};
/* End PBXShellScriptBuildPhase section */

/* Begin PBXSourcesBuildPhase section */
		9CF381612084712C00D81AE3 /* Sources */ = {
			isa = PBXSourcesBuildPhase;
			buildActionMask = 2147483647;
			files = (
				9C264777209BFFE3004A4551 /* WLFormBottomTipCell.m in Sources */,
				9CF3819720847ACC00D81AE3 /* WLForm+section.m in Sources */,
				9C264780209C0077004A4551 /* WLFormBottomButtonCell.m in Sources */,
				9C26477D209C0039004A4551 /* WLFormCheckboxCell.m in Sources */,
				9CF3816D2084712C00D81AE3 /* ViewController.m in Sources */,
				9CF381842084720300D81AE3 /* WLFormVC.m in Sources */,
				9CF38187208472D400D81AE3 /* WLForm.m in Sources */,
				9C2647D5209C49FE004A4551 /* WLFormStepperCell.m in Sources */,
				9C264765209B3E77004A4551 /* WLFormMoreInfoCell.m in Sources */,
				9CF381A32084AA1400D81AE3 /* WLFormTextInputCell.m in Sources */,
				9CF3818A208472EA00D81AE3 /* WLFormItemViewModel.m in Sources */,
				9C50233820BBAB2E0024BF01 /* WLFormRightValueCell.m in Sources */,
				9C2647DF209C66CF004A4551 /* WLFormSelectCell.m in Sources */,
				9C26477A209C0021004A4551 /* WLFormRadioCell.m in Sources */,
				9C140AAB20ABC45F006E6747 /* WLFormSumTextInputCell.m in Sources */,
				9CF381782084712C00D81AE3 /* main.m in Sources */,
				9C855F1220AAB58F0074C6CF /* WLFormBottomTipButtonCell.m in Sources */,
				9C264758209B08B3004A4551 /* WLFormSectionHeaderView.m in Sources */,
				9CF3819420847ABD00D81AE3 /* WLFormSectionViewModel+row.m in Sources */,
				9C26475B209B08D3004A4551 /* WLFormSectionFooterView.m in Sources */,
				9CF3818D2084730600D81AE3 /* WLFormSectionViewModel.m in Sources */,
				9CF3819D20849A0800D81AE3 /* UITableViewCell+Extention.m in Sources */,
				9C50234C20BD5C3D0024BF01 /* WLFormTextViewCell.m in Sources */,
				9CF3816A2084712C00D81AE3 /* AppDelegate.m in Sources */,
			);
			runOnlyForDeploymentPostprocessing = 0;
		};
/* End PBXSourcesBuildPhase section */

/* Begin PBXVariantGroup section */
		9CF3816E2084712C00D81AE3 /* Main.storyboard */ = {
			isa = PBXVariantGroup;
			children = (
				9CF3816F2084712C00D81AE3 /* Base */,
			);
			name = Main.storyboard;
			sourceTree = "<group>";
		};
		9CF381732084712C00D81AE3 /* LaunchScreen.storyboard */ = {
			isa = PBXVariantGroup;
			children = (
				9CF381742084712C00D81AE3 /* Base */,
			);
			name = LaunchScreen.storyboard;
			sourceTree = "<group>";
		};
/* End PBXVariantGroup section */

/* Begin XCBuildConfiguration section */
		9CF381792084712C00D81AE3 /* Debug */ = {
			isa = XCBuildConfiguration;
			buildSettings = {
				ALWAYS_SEARCH_USER_PATHS = NO;
				CLANG_ANALYZER_NONNULL = YES;
				CLANG_ANALYZER_NUMBER_OBJECT_CONVERSION = YES_AGGRESSIVE;
				CLANG_CXX_LANGUAGE_STANDARD = "gnu++14";
				CLANG_CXX_LIBRARY = "libc++";
				CLANG_ENABLE_MODULES = YES;
				CLANG_ENABLE_OBJC_ARC = YES;
				CLANG_WARN_BLOCK_CAPTURE_AUTORELEASING = YES;
				CLANG_WARN_BOOL_CONVERSION = YES;
				CLANG_WARN_COMMA = YES;
				CLANG_WARN_CONSTANT_CONVERSION = YES;
				CLANG_WARN_DIRECT_OBJC_ISA_USAGE = YES_ERROR;
				CLANG_WARN_DOCUMENTATION_COMMENTS = YES;
				CLANG_WARN_EMPTY_BODY = YES;
				CLANG_WARN_ENUM_CONVERSION = YES;
				CLANG_WARN_INFINITE_RECURSION = YES;
				CLANG_WARN_INT_CONVERSION = YES;
				CLANG_WARN_NON_LITERAL_NULL_CONVERSION = YES;
				CLANG_WARN_OBJC_LITERAL_CONVERSION = YES;
				CLANG_WARN_OBJC_ROOT_CLASS = YES_ERROR;
				CLANG_WARN_RANGE_LOOP_ANALYSIS = YES;
				CLANG_WARN_STRICT_PROTOTYPES = YES;
				CLANG_WARN_SUSPICIOUS_MOVE = YES;
				CLANG_WARN_UNGUARDED_AVAILABILITY = YES_AGGRESSIVE;
				CLANG_WARN_UNREACHABLE_CODE = YES;
				CLANG_WARN__DUPLICATE_METHOD_MATCH = YES;
				CODE_SIGN_IDENTITY = "iPhone Developer";
				COPY_PHASE_STRIP = NO;
				DEBUG_INFORMATION_FORMAT = dwarf;
				ENABLE_STRICT_OBJC_MSGSEND = YES;
				ENABLE_TESTABILITY = YES;
				GCC_C_LANGUAGE_STANDARD = gnu11;
				GCC_DYNAMIC_NO_PIC = NO;
				GCC_NO_COMMON_BLOCKS = YES;
				GCC_OPTIMIZATION_LEVEL = 0;
				GCC_PREPROCESSOR_DEFINITIONS = (
					"DEBUG=1",
					"$(inherited)",
				);
				GCC_WARN_64_TO_32_BIT_CONVERSION = YES;
				GCC_WARN_ABOUT_RETURN_TYPE = YES_ERROR;
				GCC_WARN_UNDECLARED_SELECTOR = YES;
				GCC_WARN_UNINITIALIZED_AUTOS = YES_AGGRESSIVE;
				GCC_WARN_UNUSED_FUNCTION = YES;
				GCC_WARN_UNUSED_VARIABLE = YES;
				IPHONEOS_DEPLOYMENT_TARGET = 11.2;
				MTL_ENABLE_DEBUG_INFO = YES;
				ONLY_ACTIVE_ARCH = YES;
				SDKROOT = iphoneos;
			};
			name = Debug;
		};
		9CF3817A2084712C00D81AE3 /* Release */ = {
			isa = XCBuildConfiguration;
			buildSettings = {
				ALWAYS_SEARCH_USER_PATHS = NO;
				CLANG_ANALYZER_NONNULL = YES;
				CLANG_ANALYZER_NUMBER_OBJECT_CONVERSION = YES_AGGRESSIVE;
				CLANG_CXX_LANGUAGE_STANDARD = "gnu++14";
				CLANG_CXX_LIBRARY = "libc++";
				CLANG_ENABLE_MODULES = YES;
				CLANG_ENABLE_OBJC_ARC = YES;
				CLANG_WARN_BLOCK_CAPTURE_AUTORELEASING = YES;
				CLANG_WARN_BOOL_CONVERSION = YES;
				CLANG_WARN_COMMA = YES;
				CLANG_WARN_CONSTANT_CONVERSION = YES;
				CLANG_WARN_DIRECT_OBJC_ISA_USAGE = YES_ERROR;
				CLANG_WARN_DOCUMENTATION_COMMENTS = YES;
				CLANG_WARN_EMPTY_BODY = YES;
				CLANG_WARN_ENUM_CONVERSION = YES;
				CLANG_WARN_INFINITE_RECURSION = YES;
				CLANG_WARN_INT_CONVERSION = YES;
				CLANG_WARN_NON_LITERAL_NULL_CONVERSION = YES;
				CLANG_WARN_OBJC_LITERAL_CONVERSION = YES;
				CLANG_WARN_OBJC_ROOT_CLASS = YES_ERROR;
				CLANG_WARN_RANGE_LOOP_ANALYSIS = YES;
				CLANG_WARN_STRICT_PROTOTYPES = YES;
				CLANG_WARN_SUSPICIOUS_MOVE = YES;
				CLANG_WARN_UNGUARDED_AVAILABILITY = YES_AGGRESSIVE;
				CLANG_WARN_UNREACHABLE_CODE = YES;
				CLANG_WARN__DUPLICATE_METHOD_MATCH = YES;
				CODE_SIGN_IDENTITY = "iPhone Developer";
				COPY_PHASE_STRIP = NO;
				DEBUG_INFORMATION_FORMAT = "dwarf-with-dsym";
				ENABLE_NS_ASSERTIONS = NO;
				ENABLE_STRICT_OBJC_MSGSEND = YES;
				GCC_C_LANGUAGE_STANDARD = gnu11;
				GCC_NO_COMMON_BLOCKS = YES;
				GCC_WARN_64_TO_32_BIT_CONVERSION = YES;
				GCC_WARN_ABOUT_RETURN_TYPE = YES_ERROR;
				GCC_WARN_UNDECLARED_SELECTOR = YES;
				GCC_WARN_UNINITIALIZED_AUTOS = YES_AGGRESSIVE;
				GCC_WARN_UNUSED_FUNCTION = YES;
				GCC_WARN_UNUSED_VARIABLE = YES;
				IPHONEOS_DEPLOYMENT_TARGET = 11.2;
				MTL_ENABLE_DEBUG_INFO = NO;
				SDKROOT = iphoneos;
				VALIDATE_PRODUCT = YES;
			};
			name = Release;
		};
		9CF3817C2084712C00D81AE3 /* Debug */ = {
			isa = XCBuildConfiguration;
			baseConfigurationReference = E564B3D2A3ACEA23BB4EF3D0 /* Pods-WLForm.debug.xcconfig */;
			buildSettings = {
				ASSETCATALOG_COMPILER_APPICON_NAME = AppIcon;
				CODE_SIGN_STYLE = Automatic;
				DEVELOPMENT_TEAM = B45NW5YEWY;
				GCC_PREFIX_HEADER = "$(SRCROOT)/WLForm/WLForm.pch";
				INFOPLIST_FILE = WLForm/Info.plist;
				IPHONEOS_DEPLOYMENT_TARGET = 8.0;
				LD_RUNPATH_SEARCH_PATHS = "$(inherited) @executable_path/Frameworks";
				PRODUCT_BUNDLE_IDENTIFIER = guangqaing.WLForm;
				PRODUCT_NAME = "$(TARGET_NAME)";
				TARGETED_DEVICE_FAMILY = 1;
			};
			name = Debug;
		};
		9CF3817D2084712C00D81AE3 /* Release */ = {
			isa = XCBuildConfiguration;
			baseConfigurationReference = 90E9D259BDEF4CB6806655A9 /* Pods-WLForm.release.xcconfig */;
			buildSettings = {
				ASSETCATALOG_COMPILER_APPICON_NAME = AppIcon;
				CODE_SIGN_STYLE = Automatic;
				DEVELOPMENT_TEAM = B45NW5YEWY;
				GCC_PREFIX_HEADER = "$(SRCROOT)/WLForm/WLForm.pch";
				INFOPLIST_FILE = WLForm/Info.plist;
				IPHONEOS_DEPLOYMENT_TARGET = 8.0;
				LD_RUNPATH_SEARCH_PATHS = "$(inherited) @executable_path/Frameworks";
				PRODUCT_BUNDLE_IDENTIFIER = guangqaing.WLForm;
				PRODUCT_NAME = "$(TARGET_NAME)";
				TARGETED_DEVICE_FAMILY = 1;
			};
			name = Release;
		};
/* End XCBuildConfiguration section */

/* Begin XCConfigurationList section */
		9CF381602084712C00D81AE3 /* Build configuration list for PBXProject "WLForm" */ = {
			isa = XCConfigurationList;
			buildConfigurations = (
				9CF381792084712C00D81AE3 /* Debug */,
				9CF3817A2084712C00D81AE3 /* Release */,
			);
			defaultConfigurationIsVisible = 0;
			defaultConfigurationName = Release;
		};
		9CF3817B2084712C00D81AE3 /* Build configuration list for PBXNativeTarget "WLForm" */ = {
			isa = XCConfigurationList;
			buildConfigurations = (
				9CF3817C2084712C00D81AE3 /* Debug */,
				9CF3817D2084712C00D81AE3 /* Release */,
			);
			defaultConfigurationIsVisible = 0;
			defaultConfigurationName = Release;
		};
/* End XCConfigurationList section */
	};
	rootObject = 9CF3815D2084712C00D81AE3 /* Project object */;
}
